
Microsoft Visual Studio Solution File, Format Version 12.00
# Visual Studio Version 17
VisualStudioVersion = 17.2.32602.215
MinimumVisualStudioVersion = 10.0.40219.1
Project("{8BC9CEB8-8B4A-11D0-8D11-00A0C91BC942}") = "CpEngine3D", "CpEngine3D\CpEngine3D.vcxproj", "{55E765CE-B7A0-448D-B6E0-0151B0689C70}"
EndProject
Project("{8BC9CEB8-8B4A-11D0-8D11-00A0C91BC942}") = "DrawBin", "DrawBin\DrawBin.vcxproj", "{68888686-C5A5-4479-9336-4FA42D037887}"
EndProject
Project("{8BC9CEB8-8B4A-11D0-8D11-00A0C91BC942}") = "DrawInGarticPhone", "DrawInGarticPhone\DrawInGarticPhone.vcxproj", "{81A35CF2-1BD4-4FCC-BAF1-22570E5D266E}"
EndProject
Project("{8BC9CEB8-8B4A-11D0-8D11-00A0C91BC942}") = "MandelbrotSet", "MandelbrotSet\MandelbrotSet.vcxproj", "{2F4A0964-3F9F-4301-9BF3-39802BA2F20C}"
EndProject
Project("{8BC9CEB8-8B4A-11D0-8D11-00A0C91BC942}") = "Paint", "Paint\Paint.vcxproj", "{0C312F2A-9C6E-4B00-A980-4233BC935251}"
EndProject
Project("{8BC9CEB8-8B4A-11D0-8D11-00A0C91BC942}") = "RestartingTheComputer", "RestartingTheComputer\RestartingTheComputer.vcxproj", "{22E74389-8BDE-4140-A15F-1D565CB1990A}"
EndProject
Project("{8BC9CEB8-8B4A-11D0-8D11-00A0C91BC942}") = "SnakePicsel", "SnakePicsel\SnakePicsel.vcxproj", "{A5071D2F-58AF-499F-B825-F2A349A56646}"
EndProject
Project("{8BC9CEB8-8B4A-11D0-8D11-00A0C91BC942}") = "Virus", "Virus\Virus.vcxproj", "{39B1180A-0D34-4A73-B7E8-D99C949F7AE0}"
EndProject
Project("{8BC9CEB8-8B4A-11D0-8D11-00A0C91BC942}") = "СolorСhange", "СolorСhange\СolorСhange.vcxproj", "{CA2B9489-A9A5-4AF2-8BA7-5D3852D8CCA9}"
EndProject
Project("{8BC9CEB8-8B4A-11D0-8D11-00A0C91BC942}") = "AnnuityLoanCalculator", "AnnuityLoanCalculator\AnnuityLoanCalculator.vcxproj", "{A2EF9964-1981-4F3D-AA64-765E4530CF99}"
EndProject
Project("{8BC9CEB8-8B4A-11D0-8D11-00A0C91BC942}") = "TravelingSalesman", "TravelingSalesman\TravelingSalesman.vcxproj", "{6EE7D220-669E-4EA0-BE4F-6818B79A41C5}"
EndProject
Project("{8BC9CEB8-8B4A-11D0-8D11-00A0C91BC942}") = "1ConsoleApplication", "1ConsoleApplication\1ConsoleApplication.vcxproj", "{2A1F2110-C750-45AB-BC84-2E7FEE1E6193}"
EndProject
Project("{8BC9CEB8-8B4A-11D0-8D11-00A0C91BC942}") = "1WindowsProject", "1WindowsProject\1WindowsProject.vcxproj", "{BB8AF44F-B9CF-46F2-8492-4F85B75ADB8D}"
EndProject
Project("{8BC9CEB8-8B4A-11D0-8D11-00A0C91BC942}") = "Snake", "Snake\Snake.vcxproj", "{53190620-085E-4F77-A956-44E57C2C6E2F}"
EndProject
Project("{8BC9CEB8-8B4A-11D0-8D11-00A0C91BC942}") = "NoIncapsulation", "NoIncapsulation\NoIncapsulation.vcxproj", "{59D13FC2-9B7C-48B1-956C-E63C6E813459}"
EndProject
Project("{8BC9CEB8-8B4A-11D0-8D11-00A0C91BC942}") = "GdiExample", "GdiExample\GdiExample.vcxproj", "{9FC2468B-B59D-4172-8CF6-D29E43AF8650}"
EndProject
Project("{8BC9CEB8-8B4A-11D0-8D11-00A0C91BC942}") = "Animation", "Animation\Animation.vcxproj", "{A478AB42-94CB-4B26-B1B2-BF9B163A0C21}"
EndProject
Project("{8BC9CEB8-8B4A-11D0-8D11-00A0C91BC942}") = "GetScreenResolution", "GetScreenResolution\GetScreenResolution.vcxproj", "{CD7116CA-BE4D-42FB-B81A-900F9DFB1AF1}"
EndProject
Project("{8BC9CEB8-8B4A-11D0-8D11-00A0C91BC942}") = "PaintEverythingBlack", "PaintEverythingBlack\PaintEverythingBlack.vcxproj", "{0A821A6A-A5B2-428B-8C5B-5B00189859A2}"
EndProject
Project("{8BC9CEB8-8B4A-11D0-8D11-00A0C91BC942}") = "ScreenshotMaker", "ScreenshotMaker\ScreenshotMaker.vcxproj", "{BAFF5C4A-A2A6-43E9-BCB6-0B2865E52E15}"
EndProject
Project("{8BC9CEB8-8B4A-11D0-8D11-00A0C91BC942}") = "AnimatedCubes", "AnimatedCubes\AnimatedCubes.vcxproj", "{250E3825-A523-4125-8A8A-9FB0FBACBA0D}"
EndProject
Project("{8BC9CEB8-8B4A-11D0-8D11-00A0C91BC942}") = "DrawingCubeAcrossTheEntireScreen", "DrawingCubeAcrossTheEntireScreen\DrawingCubeAcrossTheEntireScreen.vcxproj", "{1040426A-D85F-47E8-807E-7D94D0148524}"
EndProject
Project("{8BC9CEB8-8B4A-11D0-8D11-00A0C91BC942}") = "BlackStripesAcrossTheScreen", "BlackStripesAcrossTheScreen\BlackStripesAcrossTheScreen.vcxproj", "{60F22220-6E8F-41AE-ADE6-7478E24E8664}"
EndProject
Project("{8BC9CEB8-8B4A-11D0-8D11-00A0C91BC942}") = "GdiOnTopEntireScreen", "GdiOnTopEntireScreen\GdiOnTopEntireScreen.vcxproj", "{F99A2C70-5936-4CAD-BC2F-1473431A1A1F}"
EndProject
Global
	GlobalSection(SolutionConfigurationPlatforms) = preSolution
		Debug|x64 = Debug|x64
		Debug|x86 = Debug|x86
		Release|x64 = Release|x64
		Release|x86 = Release|x86
	EndGlobalSection
	GlobalSection(ProjectConfigurationPlatforms) = postSolution
		{55E765CE-B7A0-448D-B6E0-0151B0689C70}.Debug|x64.ActiveCfg = Debug|x64
		{55E765CE-B7A0-448D-B6E0-0151B0689C70}.Debug|x64.Build.0 = Debug|x64
		{55E765CE-B7A0-448D-B6E0-0151B0689C70}.Debug|x86.ActiveCfg = Debug|Win32
		{55E765CE-B7A0-448D-B6E0-0151B0689C70}.Debug|x86.Build.0 = Debug|Win32
		{55E765CE-B7A0-448D-B6E0-0151B0689C70}.Release|x64.ActiveCfg = Release|x64
		{55E765CE-B7A0-448D-B6E0-0151B0689C70}.Release|x64.Build.0 = Release|x64
		{55E765CE-B7A0-448D-B6E0-0151B0689C70}.Release|x86.ActiveCfg = Release|Win32
		{55E765CE-B7A0-448D-B6E0-0151B0689C70}.Release|x86.Build.0 = Release|Win32
		{68888686-C5A5-4479-9336-4FA42D037887}.Debug|x64.ActiveCfg = Debug|x64
		{68888686-C5A5-4479-9336-4FA42D037887}.Debug|x64.Build.0 = Debug|x64
		{68888686-C5A5-4479-9336-4FA42D037887}.Debug|x86.ActiveCfg = Debug|Win32
		{68888686-C5A5-4479-9336-4FA42D037887}.Debug|x86.Build.0 = Debug|Win32
		{68888686-C5A5-4479-9336-4FA42D037887}.Release|x64.ActiveCfg = Release|x64
		{68888686-C5A5-4479-9336-4FA42D037887}.Release|x64.Build.0 = Release|x64
		{68888686-C5A5-4479-9336-4FA42D037887}.Release|x86.ActiveCfg = Release|Win32
		{68888686-C5A5-4479-9336-4FA42D037887}.Release|x86.Build.0 = Release|Win32
		{81A35CF2-1BD4-4FCC-BAF1-22570E5D266E}.Debug|x64.ActiveCfg = Debug|x64
		{81A35CF2-1BD4-4FCC-BAF1-22570E5D266E}.Debug|x64.Build.0 = Debug|x64
		{81A35CF2-1BD4-4FCC-BAF1-22570E5D266E}.Debug|x86.ActiveCfg = Debug|Win32
		{81A35CF2-1BD4-4FCC-BAF1-22570E5D266E}.Debug|x86.Build.0 = Debug|Win32
		{81A35CF2-1BD4-4FCC-BAF1-22570E5D266E}.Release|x64.ActiveCfg = Release|x64
		{81A35CF2-1BD4-4FCC-BAF1-22570E5D266E}.Release|x64.Build.0 = Release|x64
		{81A35CF2-1BD4-4FCC-BAF1-22570E5D266E}.Release|x86.ActiveCfg = Release|Win32
		{81A35CF2-1BD4-4FCC-BAF1-22570E5D266E}.Release|x86.Build.0 = Release|Win32
		{2F4A0964-3F9F-4301-9BF3-39802BA2F20C}.Debug|x64.ActiveCfg = Debug|x64
		{2F4A0964-3F9F-4301-9BF3-39802BA2F20C}.Debug|x64.Build.0 = Debug|x64
		{2F4A0964-3F9F-4301-9BF3-39802BA2F20C}.Debug|x86.ActiveCfg = Debug|Win32
		{2F4A0964-3F9F-4301-9BF3-39802BA2F20C}.Debug|x86.Build.0 = Debug|Win32
		{2F4A0964-3F9F-4301-9BF3-39802BA2F20C}.Release|x64.ActiveCfg = Release|x64
		{2F4A0964-3F9F-4301-9BF3-39802BA2F20C}.Release|x64.Build.0 = Release|x64
		{2F4A0964-3F9F-4301-9BF3-39802BA2F20C}.Release|x86.ActiveCfg = Release|Win32
		{2F4A0964-3F9F-4301-9BF3-39802BA2F20C}.Release|x86.Build.0 = Release|Win32
		{0C312F2A-9C6E-4B00-A980-4233BC935251}.Debug|x64.ActiveCfg = Debug|x64
		{0C312F2A-9C6E-4B00-A980-4233BC935251}.Debug|x64.Build.0 = Debug|x64
		{0C312F2A-9C6E-4B00-A980-4233BC935251}.Debug|x86.ActiveCfg = Debug|Win32
		{0C312F2A-9C6E-4B00-A980-4233BC935251}.Debug|x86.Build.0 = Debug|Win32
		{0C312F2A-9C6E-4B00-A980-4233BC935251}.Release|x64.ActiveCfg = Release|x64
		{0C312F2A-9C6E-4B00-A980-4233BC935251}.Release|x64.Build.0 = Release|x64
		{0C312F2A-9C6E-4B00-A980-4233BC935251}.Release|x86.ActiveCfg = Release|Win32
		{0C312F2A-9C6E-4B00-A980-4233BC935251}.Release|x86.Build.0 = Release|Win32
		{22E74389-8BDE-4140-A15F-1D565CB1990A}.Debug|x64.ActiveCfg = Debug|x64
		{22E74389-8BDE-4140-A15F-1D565CB1990A}.Debug|x64.Build.0 = Debug|x64
		{22E74389-8BDE-4140-A15F-1D565CB1990A}.Debug|x86.ActiveCfg = Debug|Win32
		{22E74389-8BDE-4140-A15F-1D565CB1990A}.Debug|x86.Build.0 = Debug|Win32
		{22E74389-8BDE-4140-A15F-1D565CB1990A}.Release|x64.ActiveCfg = Release|x64
		{22E74389-8BDE-4140-A15F-1D565CB1990A}.Release|x64.Build.0 = Release|x64
		{22E74389-8BDE-4140-A15F-1D565CB1990A}.Release|x86.ActiveCfg = Release|Win32
		{22E74389-8BDE-4140-A15F-1D565CB1990A}.Release|x86.Build.0 = Release|Win32
		{A5071D2F-58AF-499F-B825-F2A349A56646}.Debug|x64.ActiveCfg = Debug|x64
		{A5071D2F-58AF-499F-B825-F2A349A56646}.Debug|x64.Build.0 = Debug|x64
		{A5071D2F-58AF-499F-B825-F2A349A56646}.Debug|x86.ActiveCfg = Debug|Win32
		{A5071D2F-58AF-499F-B825-F2A349A56646}.Debug|x86.Build.0 = Debug|Win32
		{A5071D2F-58AF-499F-B825-F2A349A56646}.Release|x64.ActiveCfg = Release|x64
		{A5071D2F-58AF-499F-B825-F2A349A56646}.Release|x64.Build.0 = Release|x64
		{A5071D2F-58AF-499F-B825-F2A349A56646}.Release|x86.ActiveCfg = Release|Win32
		{A5071D2F-58AF-499F-B825-F2A349A56646}.Release|x86.Build.0 = Release|Win32
		{39B1180A-0D34-4A73-B7E8-D99C949F7AE0}.Debug|x64.ActiveCfg = Debug|x64
		{39B1180A-0D34-4A73-B7E8-D99C949F7AE0}.Debug|x64.Build.0 = Debug|x64
		{39B1180A-0D34-4A73-B7E8-D99C949F7AE0}.Debug|x86.ActiveCfg = Debug|Win32
		{39B1180A-0D34-4A73-B7E8-D99C949F7AE0}.Debug|x86.Build.0 = Debug|Win32
		{39B1180A-0D34-4A73-B7E8-D99C949F7AE0}.Release|x64.ActiveCfg = Release|x64
		{39B1180A-0D34-4A73-B7E8-D99C949F7AE0}.Release|x64.Build.0 = Release|x64
		{39B1180A-0D34-4A73-B7E8-D99C949F7AE0}.Release|x86.ActiveCfg = Release|Win32
		{39B1180A-0D34-4A73-B7E8-D99C949F7AE0}.Release|x86.Build.0 = Release|Win32
		{CA2B9489-A9A5-4AF2-8BA7-5D3852D8CCA9}.Debug|x64.ActiveCfg = Debug|x64
		{CA2B9489-A9A5-4AF2-8BA7-5D3852D8CCA9}.Debug|x64.Build.0 = Debug|x64
		{CA2B9489-A9A5-4AF2-8BA7-5D3852D8CCA9}.Debug|x86.ActiveCfg = Debug|Win32
		{CA2B9489-A9A5-4AF2-8BA7-5D3852D8CCA9}.Debug|x86.Build.0 = Debug|Win32
		{CA2B9489-A9A5-4AF2-8BA7-5D3852D8CCA9}.Release|x64.ActiveCfg = Release|x64
		{CA2B9489-A9A5-4AF2-8BA7-5D3852D8CCA9}.Release|x64.Build.0 = Release|x64
		{CA2B9489-A9A5-4AF2-8BA7-5D3852D8CCA9}.Release|x86.ActiveCfg = Release|Win32
		{CA2B9489-A9A5-4AF2-8BA7-5D3852D8CCA9}.Release|x86.Build.0 = Release|Win32
		{A2EF9964-1981-4F3D-AA64-765E4530CF99}.Debug|x64.ActiveCfg = Debug|x64
		{A2EF9964-1981-4F3D-AA64-765E4530CF99}.Debug|x64.Build.0 = Debug|x64
		{A2EF9964-1981-4F3D-AA64-765E4530CF99}.Debug|x86.ActiveCfg = Debug|Win32
		{A2EF9964-1981-4F3D-AA64-765E4530CF99}.Debug|x86.Build.0 = Debug|Win32
		{A2EF9964-1981-4F3D-AA64-765E4530CF99}.Release|x64.ActiveCfg = Release|x64
		{A2EF9964-1981-4F3D-AA64-765E4530CF99}.Release|x64.Build.0 = Release|x64
		{A2EF9964-1981-4F3D-AA64-765E4530CF99}.Release|x86.ActiveCfg = Release|Win32
		{A2EF9964-1981-4F3D-AA64-765E4530CF99}.Release|x86.Build.0 = Release|Win32
		{6EE7D220-669E-4EA0-BE4F-6818B79A41C5}.Debug|x64.ActiveCfg = Debug|x64
		{6EE7D220-669E-4EA0-BE4F-6818B79A41C5}.Debug|x64.Build.0 = Debug|x64
		{6EE7D220-669E-4EA0-BE4F-6818B79A41C5}.Debug|x86.ActiveCfg = Debug|Win32
		{6EE7D220-669E-4EA0-BE4F-6818B79A41C5}.Debug|x86.Build.0 = Debug|Win32
		{6EE7D220-669E-4EA0-BE4F-6818B79A41C5}.Release|x64.ActiveCfg = Release|x64
		{6EE7D220-669E-4EA0-BE4F-6818B79A41C5}.Release|x64.Build.0 = Release|x64
		{6EE7D220-669E-4EA0-BE4F-6818B79A41C5}.Release|x86.ActiveCfg = Release|Win32
		{6EE7D220-669E-4EA0-BE4F-6818B79A41C5}.Release|x86.Build.0 = Release|Win32
		{2A1F2110-C750-45AB-BC84-2E7FEE1E6193}.Debug|x64.ActiveCfg = Debug|x64
		{2A1F2110-C750-45AB-BC84-2E7FEE1E6193}.Debug|x64.Build.0 = Debug|x64
		{2A1F2110-C750-45AB-BC84-2E7FEE1E6193}.Debug|x86.ActiveCfg = Debug|Win32
		{2A1F2110-C750-45AB-BC84-2E7FEE1E6193}.Debug|x86.Build.0 = Debug|Win32
		{2A1F2110-C750-45AB-BC84-2E7FEE1E6193}.Release|x64.ActiveCfg = Release|x64
		{2A1F2110-C750-45AB-BC84-2E7FEE1E6193}.Release|x64.Build.0 = Release|x64
		{2A1F2110-C750-45AB-BC84-2E7FEE1E6193}.Release|x86.ActiveCfg = Release|Win32
		{2A1F2110-C750-45AB-BC84-2E7FEE1E6193}.Release|x86.Build.0 = Release|Win32
		{BB8AF44F-B9CF-46F2-8492-4F85B75ADB8D}.Debug|x64.ActiveCfg = Debug|x64
		{BB8AF44F-B9CF-46F2-8492-4F85B75ADB8D}.Debug|x64.Build.0 = Debug|x64
		{BB8AF44F-B9CF-46F2-8492-4F85B75ADB8D}.Debug|x86.ActiveCfg = Debug|Win32
		{BB8AF44F-B9CF-46F2-8492-4F85B75ADB8D}.Debug|x86.Build.0 = Debug|Win32
		{BB8AF44F-B9CF-46F2-8492-4F85B75ADB8D}.Release|x64.ActiveCfg = Release|x64
		{BB8AF44F-B9CF-46F2-8492-4F85B75ADB8D}.Release|x64.Build.0 = Release|x64
		{BB8AF44F-B9CF-46F2-8492-4F85B75ADB8D}.Release|x86.ActiveCfg = Release|Win32
		{BB8AF44F-B9CF-46F2-8492-4F85B75ADB8D}.Release|x86.Build.0 = Release|Win32
		{53190620-085E-4F77-A956-44E57C2C6E2F}.Debug|x64.ActiveCfg = Debug|x64
		{53190620-085E-4F77-A956-44E57C2C6E2F}.Debug|x64.Build.0 = Debug|x64
		{53190620-085E-4F77-A956-44E57C2C6E2F}.Debug|x86.ActiveCfg = Debug|Win32
		{53190620-085E-4F77-A956-44E57C2C6E2F}.Debug|x86.Build.0 = Debug|Win32
		{53190620-085E-4F77-A956-44E57C2C6E2F}.Release|x64.ActiveCfg = Release|x64
		{53190620-085E-4F77-A956-44E57C2C6E2F}.Release|x64.Build.0 = Release|x64
		{53190620-085E-4F77-A956-44E57C2C6E2F}.Release|x86.ActiveCfg = Release|Win32
		{53190620-085E-4F77-A956-44E57C2C6E2F}.Release|x86.Build.0 = Release|Win32
		{59D13FC2-9B7C-48B1-956C-E63C6E813459}.Debug|x64.ActiveCfg = Debug|x64
		{59D13FC2-9B7C-48B1-956C-E63C6E813459}.Debug|x64.Build.0 = Debug|x64
		{59D13FC2-9B7C-48B1-956C-E63C6E813459}.Debug|x86.ActiveCfg = Debug|Win32
		{59D13FC2-9B7C-48B1-956C-E63C6E813459}.Debug|x86.Build.0 = Debug|Win32
		{59D13FC2-9B7C-48B1-956C-E63C6E813459}.Release|x64.ActiveCfg = Release|x64
		{59D13FC2-9B7C-48B1-956C-E63C6E813459}.Release|x64.Build.0 = Release|x64
		{59D13FC2-9B7C-48B1-956C-E63C6E813459}.Release|x86.ActiveCfg = Release|Win32
		{59D13FC2-9B7C-48B1-956C-E63C6E813459}.Release|x86.Build.0 = Release|Win32
		{9FC2468B-B59D-4172-8CF6-D29E43AF8650}.Debug|x64.ActiveCfg = Debug|x64
		{9FC2468B-B59D-4172-8CF6-D29E43AF8650}.Debug|x64.Build.0 = Debug|x64
		{9FC2468B-B59D-4172-8CF6-D29E43AF8650}.Debug|x86.ActiveCfg = Debug|Win32
		{9FC2468B-B59D-4172-8CF6-D29E43AF8650}.Debug|x86.Build.0 = Debug|Win32
		{9FC2468B-B59D-4172-8CF6-D29E43AF8650}.Release|x64.ActiveCfg = Release|x64
		{9FC2468B-B59D-4172-8CF6-D29E43AF8650}.Release|x64.Build.0 = Release|x64
		{9FC2468B-B59D-4172-8CF6-D29E43AF8650}.Release|x86.ActiveCfg = Release|Win32
		{9FC2468B-B59D-4172-8CF6-D29E43AF8650}.Release|x86.Build.0 = Release|Win32
		{A478AB42-94CB-4B26-B1B2-BF9B163A0C21}.Debug|x64.ActiveCfg = Debug|x64
		{A478AB42-94CB-4B26-B1B2-BF9B163A0C21}.Debug|x64.Build.0 = Debug|x64
		{A478AB42-94CB-4B26-B1B2-BF9B163A0C21}.Debug|x86.ActiveCfg = Debug|Win32
		{A478AB42-94CB-4B26-B1B2-BF9B163A0C21}.Debug|x86.Build.0 = Debug|Win32
		{A478AB42-94CB-4B26-B1B2-BF9B163A0C21}.Release|x64.ActiveCfg = Release|x64
		{A478AB42-94CB-4B26-B1B2-BF9B163A0C21}.Release|x64.Build.0 = Release|x64
		{A478AB42-94CB-4B26-B1B2-BF9B163A0C21}.Release|x86.ActiveCfg = Release|Win32
		{A478AB42-94CB-4B26-B1B2-BF9B163A0C21}.Release|x86.Build.0 = Release|Win32
		{CD7116CA-BE4D-42FB-B81A-900F9DFB1AF1}.Debug|x64.ActiveCfg = Debug|x64
		{CD7116CA-BE4D-42FB-B81A-900F9DFB1AF1}.Debug|x64.Build.0 = Debug|x64
		{CD7116CA-BE4D-42FB-B81A-900F9DFB1AF1}.Debug|x86.ActiveCfg = Debug|Win32
		{CD7116CA-BE4D-42FB-B81A-900F9DFB1AF1}.Debug|x86.Build.0 = Debug|Win32
		{CD7116CA-BE4D-42FB-B81A-900F9DFB1AF1}.Release|x64.ActiveCfg = Release|x64
		{CD7116CA-BE4D-42FB-B81A-900F9DFB1AF1}.Release|x64.Build.0 = Release|x64
		{CD7116CA-BE4D-42FB-B81A-900F9DFB1AF1}.Release|x86.ActiveCfg = Release|Win32
		{CD7116CA-BE4D-42FB-B81A-900F9DFB1AF1}.Release|x86.Build.0 = Release|Win32
		{0A821A6A-A5B2-428B-8C5B-5B00189859A2}.Debug|x64.ActiveCfg = Debug|x64
		{0A821A6A-A5B2-428B-8C5B-5B00189859A2}.Debug|x64.Build.0 = Debug|x64
		{0A821A6A-A5B2-428B-8C5B-5B00189859A2}.Debug|x86.ActiveCfg = Debug|Win32
		{0A821A6A-A5B2-428B-8C5B-5B00189859A2}.Debug|x86.Build.0 = Debug|Win32
		{0A821A6A-A5B2-428B-8C5B-5B00189859A2}.Release|x64.ActiveCfg = Release|x64
		{0A821A6A-A5B2-428B-8C5B-5B00189859A2}.Release|x64.Build.0 = Release|x64
		{0A821A6A-A5B2-428B-8C5B-5B00189859A2}.Release|x86.ActiveCfg = Release|Win32
		{0A821A6A-A5B2-428B-8C5B-5B00189859A2}.Release|x86.Build.0 = Release|Win32
		{BAFF5C4A-A2A6-43E9-BCB6-0B2865E52E15}.Debug|x64.ActiveCfg = Debug|x64
		{BAFF5C4A-A2A6-43E9-BCB6-0B2865E52E15}.Debug|x64.Build.0 = Debug|x64
		{BAFF5C4A-A2A6-43E9-BCB6-0B2865E52E15}.Debug|x86.ActiveCfg = Debug|Win32
		{BAFF5C4A-A2A6-43E9-BCB6-0B2865E52E15}.Debug|x86.Build.0 = Debug|Win32
		{BAFF5C4A-A2A6-43E9-BCB6-0B2865E52E15}.Release|x64.ActiveCfg = Release|x64
		{BAFF5C4A-A2A6-43E9-BCB6-0B2865E52E15}.Release|x64.Build.0 = Release|x64
		{BAFF5C4A-A2A6-43E9-BCB6-0B2865E52E15}.Release|x86.ActiveCfg = Release|Win32
		{BAFF5C4A-A2A6-43E9-BCB6-0B2865E52E15}.Release|x86.Build.0 = Release|Win32
		{250E3825-A523-4125-8A8A-9FB0FBACBA0D}.Debug|x64.ActiveCfg = Debug|x64
		{250E3825-A523-4125-8A8A-9FB0FBACBA0D}.Debug|x64.Build.0 = Debug|x64
		{250E3825-A523-4125-8A8A-9FB0FBACBA0D}.Debug|x86.ActiveCfg = Debug|Win32
		{250E3825-A523-4125-8A8A-9FB0FBACBA0D}.Debug|x86.Build.0 = Debug|Win32
		{250E3825-A523-4125-8A8A-9FB0FBACBA0D}.Release|x64.ActiveCfg = Release|x64
		{250E3825-A523-4125-8A8A-9FB0FBACBA0D}.Release|x64.Build.0 = Release|x64
		{250E3825-A523-4125-8A8A-9FB0FBACBA0D}.Release|x86.ActiveCfg = Release|Win32
		{250E3825-A523-4125-8A8A-9FB0FBACBA0D}.Release|x86.Build.0 = Release|Win32
		{1040426A-D85F-47E8-807E-7D94D0148524}.Debug|x64.ActiveCfg = Debug|x64
		{1040426A-D85F-47E8-807E-7D94D0148524}.Debug|x64.Build.0 = Debug|x64
		{1040426A-D85F-47E8-807E-7D94D0148524}.Debug|x86.ActiveCfg = Debug|Win32
		{1040426A-D85F-47E8-807E-7D94D0148524}.Debug|x86.Build.0 = Debug|Win32
		{1040426A-D85F-47E8-807E-7D94D0148524}.Release|x64.ActiveCfg = Release|x64
		{1040426A-D85F-47E8-807E-7D94D0148524}.Release|x64.Build.0 = Release|x64
		{1040426A-D85F-47E8-807E-7D94D0148524}.Release|x86.ActiveCfg = Release|Win32
		{1040426A-D85F-47E8-807E-7D94D0148524}.Release|x86.Build.0 = Release|Win32
		{60F22220-6E8F-41AE-ADE6-7478E24E8664}.Debug|x64.ActiveCfg = Debug|x64
		{60F22220-6E8F-41AE-ADE6-7478E24E8664}.Debug|x64.Build.0 = Debug|x64
		{60F22220-6E8F-41AE-ADE6-7478E24E8664}.Debug|x86.ActiveCfg = Debug|Win32
		{60F22220-6E8F-41AE-ADE6-7478E24E8664}.Debug|x86.Build.0 = Debug|Win32
		{60F22220-6E8F-41AE-ADE6-7478E24E8664}.Release|x64.ActiveCfg = Release|x64
		{60F22220-6E8F-41AE-ADE6-7478E24E8664}.Release|x64.Build.0 = Release|x64
		{60F22220-6E8F-41AE-ADE6-7478E24E8664}.Release|x86.ActiveCfg = Release|Win32
		{60F22220-6E8F-41AE-ADE6-7478E24E8664}.Release|x86.Build.0 = Release|Win32
		{F99A2C70-5936-4CAD-BC2F-1473431A1A1F}.Debug|x64.ActiveCfg = Debug|x64
		{F99A2C70-5936-4CAD-BC2F-1473431A1A1F}.Debug|x64.Build.0 = Debug|x64
		{F99A2C70-5936-4CAD-BC2F-1473431A1A1F}.Debug|x86.ActiveCfg = Debug|Win32
		{F99A2C70-5936-4CAD-BC2F-1473431A1A1F}.Debug|x86.Build.0 = Debug|Win32
		{F99A2C70-5936-4CAD-BC2F-1473431A1A1F}.Release|x64.ActiveCfg = Release|x64
		{F99A2C70-5936-4CAD-BC2F-1473431A1A1F}.Release|x64.Build.0 = Release|x64
		{F99A2C70-5936-4CAD-BC2F-1473431A1A1F}.Release|x86.ActiveCfg = Release|Win32
		{F99A2C70-5936-4CAD-BC2F-1473431A1A1F}.Release|x86.Build.0 = Release|Win32
	EndGlobalSection
	GlobalSection(SolutionProperties) = preSolution
		HideSolutionNode = FALSE
	EndGlobalSection
	GlobalSection(ExtensibilityGlobals) = postSolution
		SolutionGuid = {86C900ED-8524-488F-9E08-BB0C5D43C97A}
	EndGlobalSection
EndGlobal
