
Microsoft Visual Studio Solution File, Format Version 12.00
# Visual Studio Version 17
VisualStudioVersion = 17.2.32602.215
MinimumVisualStudioVersion = 10.0.40219.1
Project("{8BC9CEB8-8B4A-11D0-8D11-00A0C91BC942}") = "CpEngine3D", "CpEngine3D\CpEngine3D.vcxproj", "{55E765CE-B7A0-448D-B6E0-0151B0689C70}"
EndProject
Project("{8BC9CEB8-8B4A-11D0-8D11-00A0C91BC942}") = "DrawBin", "DrawBin\DrawBin.vcxproj", "{68888686-C5A5-4479-9336-4FA42D037887}"
EndProject
Project("{8BC9CEB8-8B4A-11D0-8D11-00A0C91BC942}") = "DrawInGarticPhone", "DrawInGarticPhone\DrawInGarticPhone.vcxproj", "{81A35CF2-1BD4-4FCC-BAF1-22570E5D266E}"
EndProject
Project("{8BC9CEB8-8B4A-11D0-8D11-00A0C91BC942}") = "MandelbrotSet", "MandelbrotSet\MandelbrotSet.vcxproj", "{2F4A0964-3F9F-4301-9BF3-39802BA2F20C}"
EndProject
Project("{8BC9CEB8-8B4A-11D0-8D11-00A0C91BC942}") = "Paint", "Paint\Paint.vcxproj", "{0C312F2A-9C6E-4B00-A980-4233BC935251}"
EndProject
Project("{8BC9CEB8-8B4A-11D0-8D11-00A0C91BC942}") = "RestartingTheComputer", "RestartingTheComputer\RestartingTheComputer.vcxproj", "{22E74389-8BDE-4140-A15F-1D565CB1990A}"
EndProject
Project("{8BC9CEB8-8B4A-11D0-8D11-00A0C91BC942}") = "SnakePicsel", "SnakePicsel\SnakePicsel.vcxproj", "{A5071D2F-58AF-499F-B825-F2A349A56646}"
EndProject
Project("{8BC9CEB8-8B4A-11D0-8D11-00A0C91BC942}") = "Virus", "Virus\Virus.vcxproj", "{39B1180A-0D34-4A73-B7E8-D99C949F7AE0}"
EndProject
Project("{8BC9CEB8-8B4A-11D0-8D11-00A0C91BC942}") = "СolorСhange", "СolorСhange\СolorСhange.vcxproj", "{CA2B9489-A9A5-4AF2-8BA7-5D3852D8CCA9}"
EndProject
Project("{8BC9CEB8-8B4A-11D0-8D11-00A0C91BC942}") = "AnnuityLoanCalculator", "AnnuityLoanCalculator\AnnuityLoanCalculator.vcxproj", "{A2EF9964-1981-4F3D-AA64-765E4530CF99}"
EndProject
Project("{8BC9CEB8-8B4A-11D0-8D11-00A0C91BC942}") = "TravelingSalesman", "TravelingSalesman\TravelingSalesman.vcxproj", "{6EE7D220-669E-4EA0-BE4F-6818B79A41C5}"
EndProject
Global
	GlobalSection(SolutionConfigurationPlatforms) = preSolution
		Debug|x64 = Debug|x64
		Debug|x86 = Debug|x86
		Release|x64 = Release|x64
		Release|x86 = Release|x86
	EndGlobalSection
	GlobalSection(ProjectConfigurationPlatforms) = postSolution
		{55E765CE-B7A0-448D-B6E0-0151B0689C70}.Debug|x64.ActiveCfg = Debug|x64
		{55E765CE-B7A0-448D-B6E0-0151B0689C70}.Debug|x64.Build.0 = Debug|x64
		{55E765CE-B7A0-448D-B6E0-0151B0689C70}.Debug|x86.ActiveCfg = Debug|Win32
		{55E765CE-B7A0-448D-B6E0-0151B0689C70}.Debug|x86.Build.0 = Debug|Win32
		{55E765CE-B7A0-448D-B6E0-0151B0689C70}.Release|x64.ActiveCfg = Release|x64
		{55E765CE-B7A0-448D-B6E0-0151B0689C70}.Release|x64.Build.0 = Release|x64
		{55E765CE-B7A0-448D-B6E0-0151B0689C70}.Release|x86.ActiveCfg = Release|Win32
		{55E765CE-B7A0-448D-B6E0-0151B0689C70}.Release|x86.Build.0 = Release|Win32
		{68888686-C5A5-4479-9336-4FA42D037887}.Debug|x64.ActiveCfg = Debug|x64
		{68888686-C5A5-4479-9336-4FA42D037887}.Debug|x64.Build.0 = Debug|x64
		{68888686-C5A5-4479-9336-4FA42D037887}.Debug|x86.ActiveCfg = Debug|Win32
		{68888686-C5A5-4479-9336-4FA42D037887}.Debug|x86.Build.0 = Debug|Win32
		{68888686-C5A5-4479-9336-4FA42D037887}.Release|x64.ActiveCfg = Release|x64
		{68888686-C5A5-4479-9336-4FA42D037887}.Release|x64.Build.0 = Release|x64
		{68888686-C5A5-4479-9336-4FA42D037887}.Release|x86.ActiveCfg = Release|Win32
		{68888686-C5A5-4479-9336-4FA42D037887}.Release|x86.Build.0 = Release|Win32
		{81A35CF2-1BD4-4FCC-BAF1-22570E5D266E}.Debug|x64.ActiveCfg = Debug|x64
		{81A35CF2-1BD4-4FCC-BAF1-22570E5D266E}.Debug|x64.Build.0 = Debug|x64
		{81A35CF2-1BD4-4FCC-BAF1-22570E5D266E}.Debug|x86.ActiveCfg = Debug|Win32
		{81A35CF2-1BD4-4FCC-BAF1-22570E5D266E}.Debug|x86.Build.0 = Debug|Win32
		{81A35CF2-1BD4-4FCC-BAF1-22570E5D266E}.Release|x64.ActiveCfg = Release|x64
		{81A35CF2-1BD4-4FCC-BAF1-22570E5D266E}.Release|x64.Build.0 = Release|x64
		{81A35CF2-1BD4-4FCC-BAF1-22570E5D266E}.Release|x86.ActiveCfg = Release|Win32
		{81A35CF2-1BD4-4FCC-BAF1-22570E5D266E}.Release|x86.Build.0 = Release|Win32
		{2F4A0964-3F9F-4301-9BF3-39802BA2F20C}.Debug|x64.ActiveCfg = Debug|x64
		{2F4A0964-3F9F-4301-9BF3-39802BA2F20C}.Debug|x64.Build.0 = Debug|x64
		{2F4A0964-3F9F-4301-9BF3-39802BA2F20C}.Debug|x86.ActiveCfg = Debug|Win32
		{2F4A0964-3F9F-4301-9BF3-39802BA2F20C}.Debug|x86.Build.0 = Debug|Win32
		{2F4A0964-3F9F-4301-9BF3-39802BA2F20C}.Release|x64.ActiveCfg = Release|x64
		{2F4A0964-3F9F-4301-9BF3-39802BA2F20C}.Release|x64.Build.0 = Release|x64
		{2F4A0964-3F9F-4301-9BF3-39802BA2F20C}.Release|x86.ActiveCfg = Release|Win32
		{2F4A0964-3F9F-4301-9BF3-39802BA2F20C}.Release|x86.Build.0 = Release|Win32
		{0C312F2A-9C6E-4B00-A980-4233BC935251}.Debug|x64.ActiveCfg = Debug|x64
		{0C312F2A-9C6E-4B00-A980-4233BC935251}.Debug|x64.Build.0 = Debug|x64
		{0C312F2A-9C6E-4B00-A980-4233BC935251}.Debug|x86.ActiveCfg = Debug|Win32
		{0C312F2A-9C6E-4B00-A980-4233BC935251}.Debug|x86.Build.0 = Debug|Win32
		{0C312F2A-9C6E-4B00-A980-4233BC935251}.Release|x64.ActiveCfg = Release|x64
		{0C312F2A-9C6E-4B00-A980-4233BC935251}.Release|x64.Build.0 = Release|x64
		{0C312F2A-9C6E-4B00-A980-4233BC935251}.Release|x86.ActiveCfg = Release|Win32
		{0C312F2A-9C6E-4B00-A980-4233BC935251}.Release|x86.Build.0 = Release|Win32
		{22E74389-8BDE-4140-A15F-1D565CB1990A}.Debug|x64.ActiveCfg = Debug|x64
		{22E74389-8BDE-4140-A15F-1D565CB1990A}.Debug|x64.Build.0 = Debug|x64
		{22E74389-8BDE-4140-A15F-1D565CB1990A}.Debug|x86.ActiveCfg = Debug|Win32
		{22E74389-8BDE-4140-A15F-1D565CB1990A}.Debug|x86.Build.0 = Debug|Win32
		{22E74389-8BDE-4140-A15F-1D565CB1990A}.Release|x64.ActiveCfg = Release|x64
		{22E74389-8BDE-4140-A15F-1D565CB1990A}.Release|x64.Build.0 = Release|x64
		{22E74389-8BDE-4140-A15F-1D565CB1990A}.Release|x86.ActiveCfg = Release|Win32
		{22E74389-8BDE-4140-A15F-1D565CB1990A}.Release|x86.Build.0 = Release|Win32
		{A5071D2F-58AF-499F-B825-F2A349A56646}.Debug|x64.ActiveCfg = Debug|x64
		{A5071D2F-58AF-499F-B825-F2A349A56646}.Debug|x64.Build.0 = Debug|x64
		{A5071D2F-58AF-499F-B825-F2A349A56646}.Debug|x86.ActiveCfg = Debug|Win32
		{A5071D2F-58AF-499F-B825-F2A349A56646}.Debug|x86.Build.0 = Debug|Win32
		{A5071D2F-58AF-499F-B825-F2A349A56646}.Release|x64.ActiveCfg = Release|x64
		{A5071D2F-58AF-499F-B825-F2A349A56646}.Release|x64.Build.0 = Release|x64
		{A5071D2F-58AF-499F-B825-F2A349A56646}.Release|x86.ActiveCfg = Release|Win32
		{A5071D2F-58AF-499F-B825-F2A349A56646}.Release|x86.Build.0 = Release|Win32
		{39B1180A-0D34-4A73-B7E8-D99C949F7AE0}.Debug|x64.ActiveCfg = Debug|x64
		{39B1180A-0D34-4A73-B7E8-D99C949F7AE0}.Debug|x64.Build.0 = Debug|x64
		{39B1180A-0D34-4A73-B7E8-D99C949F7AE0}.Debug|x86.ActiveCfg = Debug|Win32
		{39B1180A-0D34-4A73-B7E8-D99C949F7AE0}.Debug|x86.Build.0 = Debug|Win32
		{39B1180A-0D34-4A73-B7E8-D99C949F7AE0}.Release|x64.ActiveCfg = Release|x64
		{39B1180A-0D34-4A73-B7E8-D99C949F7AE0}.Release|x64.Build.0 = Release|x64
		{39B1180A-0D34-4A73-B7E8-D99C949F7AE0}.Release|x86.ActiveCfg = Release|Win32
		{39B1180A-0D34-4A73-B7E8-D99C949F7AE0}.Release|x86.Build.0 = Release|Win32
		{CA2B9489-A9A5-4AF2-8BA7-5D3852D8CCA9}.Debug|x64.ActiveCfg = Debug|x64
		{CA2B9489-A9A5-4AF2-8BA7-5D3852D8CCA9}.Debug|x64.Build.0 = Debug|x64
		{CA2B9489-A9A5-4AF2-8BA7-5D3852D8CCA9}.Debug|x86.ActiveCfg = Debug|Win32
		{CA2B9489-A9A5-4AF2-8BA7-5D3852D8CCA9}.Debug|x86.Build.0 = Debug|Win32
		{CA2B9489-A9A5-4AF2-8BA7-5D3852D8CCA9}.Release|x64.ActiveCfg = Release|x64
		{CA2B9489-A9A5-4AF2-8BA7-5D3852D8CCA9}.Release|x64.Build.0 = Release|x64
		{CA2B9489-A9A5-4AF2-8BA7-5D3852D8CCA9}.Release|x86.ActiveCfg = Release|Win32
		{CA2B9489-A9A5-4AF2-8BA7-5D3852D8CCA9}.Release|x86.Build.0 = Release|Win32
		{A2EF9964-1981-4F3D-AA64-765E4530CF99}.Debug|x64.ActiveCfg = Debug|x64
		{A2EF9964-1981-4F3D-AA64-765E4530CF99}.Debug|x64.Build.0 = Debug|x64
		{A2EF9964-1981-4F3D-AA64-765E4530CF99}.Debug|x86.ActiveCfg = Debug|Win32
		{A2EF9964-1981-4F3D-AA64-765E4530CF99}.Debug|x86.Build.0 = Debug|Win32
		{A2EF9964-1981-4F3D-AA64-765E4530CF99}.Release|x64.ActiveCfg = Release|x64
		{A2EF9964-1981-4F3D-AA64-765E4530CF99}.Release|x64.Build.0 = Release|x64
		{A2EF9964-1981-4F3D-AA64-765E4530CF99}.Release|x86.ActiveCfg = Release|Win32
		{A2EF9964-1981-4F3D-AA64-765E4530CF99}.Release|x86.Build.0 = Release|Win32
		{6EE7D220-669E-4EA0-BE4F-6818B79A41C5}.Debug|x64.ActiveCfg = Debug|x64
		{6EE7D220-669E-4EA0-BE4F-6818B79A41C5}.Debug|x64.Build.0 = Debug|x64
		{6EE7D220-669E-4EA0-BE4F-6818B79A41C5}.Debug|x86.ActiveCfg = Debug|Win32
		{6EE7D220-669E-4EA0-BE4F-6818B79A41C5}.Debug|x86.Build.0 = Debug|Win32
		{6EE7D220-669E-4EA0-BE4F-6818B79A41C5}.Release|x64.ActiveCfg = Release|x64
		{6EE7D220-669E-4EA0-BE4F-6818B79A41C5}.Release|x64.Build.0 = Release|x64
		{6EE7D220-669E-4EA0-BE4F-6818B79A41C5}.Release|x86.ActiveCfg = Release|Win32
		{6EE7D220-669E-4EA0-BE4F-6818B79A41C5}.Release|x86.Build.0 = Release|Win32
	EndGlobalSection
	GlobalSection(SolutionProperties) = preSolution
		HideSolutionNode = FALSE
	EndGlobalSection
	GlobalSection(ExtensibilityGlobals) = postSolution
		SolutionGuid = {86C900ED-8524-488F-9E08-BB0C5D43C97A}
	EndGlobalSection
EndGlobal
